<?xml version="1.0" encoding="utf-8"?>
<Project ToolsVersion="4.0" xmlns="http://schemas.microsoft.com/developer/msbuild/2003">
  <ItemGroup>
    <Filter Include="Source Files">
      <UniqueIdentifier>{83ce4b2b-3b4e-4931-9571-b61788dc3881}</UniqueIdentifier>
      <Extensions>cpp;c;cxx;rc;def;r;odl;idl;hpj;bat</Extensions>
    </Filter>
    <Filter Include="Libraries Dependencies">
      <UniqueIdentifier>{cc248446-8dfe-43e4-948d-5bcf94b09313}</UniqueIdentifier>
    </Filter>
    <Filter Include="Resource Files">
      <UniqueIdentifier>{702a00b9-d7d6-4471-bf13-0f563cfafd99}</UniqueIdentifier>
    </Filter>
    <Filter Include="Header Files">
      <UniqueIdentifier>{8e7181c8-c6fb-4551-aefb-62c59a82b650}</UniqueIdentifier>
    </Filter>
  </ItemGroup>
  <ItemGroup>
    <ClInclude Include="src\arkode\arkode_bandpre_impl.h">
      <Filter>Header Files</Filter>
    </ClInclude>
    <ClInclude Include="src\arkode\arkode_bbdpre_impl.h">
      <Filter>Header Files</Filter>
    </ClInclude>
    <ClInclude Include="src\arkode\arkode_erkstep_impl.h">
      <Filter>Header Files</Filter>
    </ClInclude>
    <ClInclude Include="src\arkode\arkode_forcingstep_impl.h">
      <Filter>Header Files</Filter>
    </ClInclude>
    <ClInclude Include="src\arkode\arkode_impl.h">
      <Filter>Header Files</Filter>
    </ClInclude>
    <ClInclude Include="src\arkode\arkode_interp_impl.h">
      <Filter>Header Files</Filter>
    </ClInclude>
    <ClInclude Include="src\arkode\arkode_ls_impl.h">
      <Filter>Header Files</Filter>
    </ClInclude>
    <ClInclude Include="src\arkode\arkode_lsrkstep_impl.h">
      <Filter>Header Files</Filter>
    </ClInclude>
    <ClInclude Include="src\arkode\arkode_mri_tables_impl.h">
      <Filter>Header Files</Filter>
    </ClInclude>
    <ClInclude Include="src\arkode\arkode_mristep_impl.h">
      <Filter>Header Files</Filter>
    </ClInclude>
    <ClInclude Include="src\arkode\arkode_relaxation_impl.h">
      <Filter>Header Files</Filter>
    </ClInclude>
    <ClInclude Include="src\arkode\arkode_root_impl.h">
      <Filter>Header Files</Filter>
    </ClInclude>
    <ClInclude Include="src\arkode\arkode_splittingstep_impl.h">
      <Filter>Header Files</Filter>
    </ClInclude>
    <ClInclude Include="src\arkode\arkode_sprkstep_impl.h">
      <Filter>Header Files</Filter>
    </ClInclude>
    <ClInclude Include="src\arkode\arkode_types_impl.h">
      <Filter>Header Files</Filter>
    </ClInclude>
    <ClInclude Include="src\arkode\arkode_user_controller.h">
      <Filter>Header Files</Filter>
    </ClInclude>
    <ClInclude Include="src\arkode\arkode_adapt_impl.h">
      <Filter>Header Files</Filter>
    </ClInclude>
    <ClInclude Include="src\arkode\arkode_arkstep_impl.h">
      <Filter>Header Files</Filter>
    </ClInclude>
    <ClInclude Include="src\cvodes\cvodes_proj_impl.h">
      <Filter>Header Files</Filter>
    </ClInclude>
    <ClInclude Include="src\cvodes\cvodes_bandpre_impl.h">
      <Filter>Header Files</Filter>
    </ClInclude>
    <ClInclude Include="src\cvodes\cvodes_bbdpre_impl.h">
      <Filter>Header Files</Filter>
    </ClInclude>
    <ClInclude Include="src\cvodes\cvodes_diag_impl.h">
      <Filter>Header Files</Filter>
    </ClInclude>
    <ClInclude Include="src\cvodes\cvodes_impl.h">
      <Filter>Header Files</Filter>
    </ClInclude>
    <ClInclude Include="src\cvodes\cvodes_ls_impl.h">
      <Filter>Header Files</Filter>
    </ClInclude>
    <ClInclude Include="src\idas\idas_impl.h">
      <Filter>Header Files</Filter>
    </ClInclude>
    <ClInclude Include="src\idas\idas_ls_impl.h">
      <Filter>Header Files</Filter>
    </ClInclude>
    <ClInclude Include="src\idas\idas_bbdpre_impl.h">
      <Filter>Header Files</Filter>
    </ClInclude>
    <ClInclude Include="src\kinsol\kinsol_bbdpre_impl.h">
      <Filter>Header Files</Filter>
    </ClInclude>
    <ClInclude Include="src\kinsol\kinsol_impl.h">
      <Filter>Header Files</Filter>
    </ClInclude>
    <ClInclude Include="src\kinsol\kinsol_ls_impl.h">
      <Filter>Header Files</Filter>
    </ClInclude>
    <ClInclude Include="src\sundials\sundials_logger_impl.h">
      <Filter>Header Files</Filter>
    </ClInclude>
    <ClInclude Include="src\sundials\sundials_macros.h">
      <Filter>Header Files</Filter>
    </ClInclude>
    <ClInclude Include="src\sundials\sundials_reductions.hpp">
      <Filter>Header Files</Filter>
    </ClInclude>
    <ClInclude Include="src\sundials\sundials_stepper_impl.h">
      <Filter>Header Files</Filter>
    </ClInclude>
    <ClInclude Include="src\sundials\sundials_utils.h">
      <Filter>Header Files</Filter>
    </ClInclude>
    <ClInclude Include="src\sundials\sundials_adjointcheckpointscheme_impl.h">
      <Filter>Header Files</Filter>
    </ClInclude>
    <ClInclude Include="src\sundials\sundials_adjointstepper_impl.h">
      <Filter>Header Files</Filter>
    </ClInclude>
    <ClInclude Include="src\sundials\sundials_hashmap_impl.h">
      <Filter>Header Files</Filter>
    </ClInclude>
    <ClInclude Include="src\sundials\sundials_lapack_defs.h">
      <Filter>Header Files</Filter>
    </ClInclude>
    <ClInclude Include="include\arkode\arkode_mristep.h">
      <Filter>Header Files</Filter>
    </ClInclude>
    <ClInclude Include="include\arkode\arkode_splittingstep.h">
      <Filter>Header Files</Filter>
    </ClInclude>
    <ClInclude Include="include\arkode\arkode_sprk.h">
      <Filter>Header Files</Filter>
    </ClInclude>
    <ClInclude Include="include\arkode\arkode_sprkstep.h">
      <Filter>Header Files</Filter>
    </ClInclude>
    <ClInclude Include="include\arkode\arkode.h">
      <Filter>Header Files</Filter>
    </ClInclude>
    <ClInclude Include="include\arkode\arkode_arkstep.h">
      <Filter>Header Files</Filter>
    </ClInclude>
    <ClInclude Include="include\arkode\arkode_bandpre.h">
      <Filter>Header Files</Filter>
    </ClInclude>
    <ClInclude Include="include\arkode\arkode_bbdpre.h">
      <Filter>Header Files</Filter>
    </ClInclude>
    <ClInclude Include="include\arkode\arkode_butcher.h">
      <Filter>Header Files</Filter>
    </ClInclude>
    <ClInclude Include="include\arkode\arkode_butcher_dirk.h">
      <Filter>Header Files</Filter>
    </ClInclude>
    <ClInclude Include="include\arkode\arkode_butcher_erk.h">
      <Filter>Header Files</Filter>
    </ClInclude>
    <ClInclude Include="include\arkode\arkode_erkstep.h">
      <Filter>Header Files</Filter>
    </ClInclude>
    <ClInclude Include="include\arkode\arkode_forcingstep.h">
      <Filter>Header Files</Filter>
    </ClInclude>
    <ClInclude Include="include\arkode\arkode_ls.h">
      <Filter>Header Files</Filter>
    </ClInclude>
    <ClInclude Include="include\arkode\arkode_lsrkstep.h">
      <Filter>Header Files</Filter>
    </ClInclude>
    <ClInclude Include="include\cvodes\cvodes.h">
      <Filter>Header Files</Filter>
    </ClInclude>
    <ClInclude Include="include\cvodes\cvodes_bandpre.h">
      <Filter>Header Files</Filter>
    </ClInclude>
    <ClInclude Include="include\cvodes\cvodes_bbdpre.h">
      <Filter>Header Files</Filter>
    </ClInclude>
    <ClInclude Include="include\cvodes\cvodes_diag.h">
      <Filter>Header Files</Filter>
    </ClInclude>
    <ClInclude Include="include\cvodes\cvodes_ls.h">
      <Filter>Header Files</Filter>
    </ClInclude>
    <ClInclude Include="include\cvodes\cvodes_proj.h">
      <Filter>Header Files</Filter>
    </ClInclude>
    <ClInclude Include="include\kinsol\kinsol_bbdpre.h">
      <Filter>Header Files</Filter>
    </ClInclude>
    <ClInclude Include="include\kinsol\kinsol_ls.h">
      <Filter>Header Files</Filter>
    </ClInclude>
    <ClInclude Include="include\kinsol\kinsol.h">
      <Filter>Header Files</Filter>
    </ClInclude>
    <ClInclude Include="include\nvector\nvector_openmp.h">
      <Filter>Header Files</Filter>
    </ClInclude>
    <ClInclude Include="include\nvector\nvector_serial.h">
      <Filter>Header Files</Filter>
    </ClInclude>
    <ClInclude Include="include\nvector\nvector_manyvector.h">
      <Filter>Header Files</Filter>
    </ClInclude>
    <ClInclude Include="include\sunadaptcontroller\sunadaptcontroller_mrihtol.h">
      <Filter>Header Files</Filter>
    </ClInclude>
    <ClInclude Include="include\sunadaptcontroller\sunadaptcontroller_soderlind.h">
      <Filter>Header Files</Filter>
    </ClInclude>
    <ClInclude Include="include\sunadaptcontroller\sunadaptcontroller_imexgus.h">
      <Filter>Header Files</Filter>
    </ClInclude>
    <ClInclude Include="include\sundials\priv\sundials_context_impl.h">
      <Filter>Header Files</Filter>
    </ClInclude>
    <ClInclude Include="include\sundials\priv\sundials_errors_impl.h">
      <Filter>Header Files</Filter>
    </ClInclude>
    <ClInclude Include="include\sundials\sundials_matrix.h">
      <Filter>Header Files</Filter>
    </ClInclude>
    <ClInclude Include="include\sundials\sundials_memory.h">
      <Filter>Header Files</Filter>
    </ClInclude>
    <ClInclude Include="include\sundials\sundials_nonlinearsolver.h">
      <Filter>Header Files</Filter>
    </ClInclude>
    <ClInclude Include="include\sundials\sundials_nvector.h">
      <Filter>Header Files</Filter>
    </ClInclude>
    <ClInclude Include="include\sundials\sundials_nvector_senswrapper.h">
      <Filter>Header Files</Filter>
    </ClInclude>
    <ClInclude Include="include\sundials\sundials_stepper.h">
      <Filter>Header Files</Filter>
    </ClInclude>
    <ClInclude Include="include\sundials\sundials_types.h">
      <Filter>Header Files</Filter>
    </ClInclude>
    <ClInclude Include="include\sundials\sundials_version.h">
      <Filter>Header Files</Filter>
    </ClInclude>
    <ClInclude Include="include\sundials\sundials_adaptcontroller.h">
      <Filter>Header Files</Filter>
    </ClInclude>
    <ClInclude Include="include\sundials\sundials_adjointcheckpointscheme.h">
      <Filter>Header Files</Filter>
    </ClInclude>
    <ClInclude Include="include\sundials\sundials_adjointstepper.h">
      <Filter>Header Files</Filter>
    </ClInclude>
    <ClInclude Include="include\sundials\sundials_band.h">
      <Filter>Header Files</Filter>
    </ClInclude>
    <ClInclude Include="include\sundials\sundials_config.h">
      <Filter>Header Files</Filter>
    </ClInclude>
    <ClInclude Include="include\sundials\sundials_context.h">
      <Filter>Header Files</Filter>
    </ClInclude>
    <ClInclude Include="include\sundials\sundials_core.h">
      <Filter>Header Files</Filter>
    </ClInclude>
    <ClInclude Include="include\sundials\sundials_dense.h">
      <Filter>Header Files</Filter>
    </ClInclude>
    <ClInclude Include="include\sundials\sundials_direct.h">
      <Filter>Header Files</Filter>
    </ClInclude>
    <ClInclude Include="include\sundials\sundials_errors.h">
      <Filter>Header Files</Filter>
    </ClInclude>
    <ClInclude Include="include\sundials\sundials_export.h">
      <Filter>Header Files</Filter>
    </ClInclude>
    <ClInclude Include="include\sundials\sundials_extension.h">
      <Filter>Header Files</Filter>
    </ClInclude>
    <ClInclude Include="include\sundials\sundials_futils.h">
      <Filter>Header Files</Filter>
    </ClInclude>
    <ClInclude Include="include\sundials\sundials_iterative.h">
      <Filter>Header Files</Filter>
    </ClInclude>
    <ClInclude Include="include\sundials\sundials_linearsolver.h">
      <Filter>Header Files</Filter>
    </ClInclude>
    <ClInclude Include="include\sundials\sundials_logger.h">
      <Filter>Header Files</Filter>
    </ClInclude>
    <ClInclude Include="include\sundials\sundials_math.h">
      <Filter>Header Files</Filter>
    </ClInclude>
    <ClInclude Include="include\sunlinsol\sunlinsol_pcg.h">
      <Filter>Header Files</Filter>
    </ClInclude>
    <ClInclude Include="include\sunlinsol\sunlinsol_spbcgs.h">
      <Filter>Header Files</Filter>
    </ClInclude>
    <ClInclude Include="include\sunlinsol\sunlinsol_spfgmr.h">
      <Filter>Header Files</Filter>
    </ClInclude>
    <ClInclude Include="include\sunlinsol\sunlinsol_spgmr.h">
      <Filter>Header Files</Filter>
    </ClInclude>
    <ClInclude Include="include\sunlinsol\sunlinsol_sptfqmr.h">
      <Filter>Header Files</Filter>
    </ClInclude>
    <ClInclude Include="include\sunlinsol\sunlinsol_band.h">
      <Filter>Header Files</Filter>
    </ClInclude>
    <ClInclude Include="include\sunlinsol\sunlinsol_dense.h">
      <Filter>Header Files</Filter>
    </ClInclude>
    <ClInclude Include="include\sunlinsol\sunlinsol_klu.h">
      <Filter>Header Files</Filter>
    </ClInclude>
    <ClInclude Include="include\sunlinsol\sunlinsol_lapackband.h">
      <Filter>Header Files</Filter>
    </ClInclude>
    <ClInclude Include="include\sunlinsol\sunlinsol_lapackdense.h">
      <Filter>Header Files</Filter>
    </ClInclude>
    <ClInclude Include="include\sunmatrix\sunmatrix_sparse.h">
      <Filter>Header Files</Filter>
    </ClInclude>
    <ClInclude Include="include\sunmatrix\sunmatrix_band.h">
      <Filter>Header Files</Filter>
    </ClInclude>
    <ClInclude Include="include\sunmatrix\sunmatrix_dense.h">
      <Filter>Header Files</Filter>
    </ClInclude>
    <ClInclude Include="include\sunmemory\sunmemory_system.h">
      <Filter>Header Files</Filter>
    </ClInclude>
    <ClInclude Include="include\sunnonlinsol\sunnonlinsol_newton.h">
      <Filter>Header Files</Filter>
    </ClInclude>
    <ClInclude Include="include\sunnonlinsol\sunnonlinsol_fixedpoint.h">
      <Filter>Header Files</Filter>
    </ClInclude>
  </ItemGroup>
  <ItemGroup>
    <ResourceCompile Include="patched_sundials.rc">
      <Filter>Resource Files</Filter>
    </ResourceCompile>
  </ItemGroup>
  <ItemGroup>
    <Library Include="..\..\..\..\bin\blasplus.lib">
      <Filter>Libraries Dependencies</Filter>
    </Library>
    <Library Include="..\..\..\..\bin\libcolamd.lib">
      <Filter>Libraries Dependencies</Filter>
    </Library>
    <Library Include="..\..\..\..\bin\lapack.lib">
      <Filter>Libraries Dependencies</Filter>
    </Library>
    <Library Include="..\..\..\..\bin\libamd.lib">
      <Filter>Libraries Dependencies</Filter>
    </Library>
    <Library Include="..\..\..\..\bin\libbtf.lib">
      <Filter>Libraries Dependencies</Filter>
    </Library>
    <Library Include="..\..\..\..\bin\libklu.lib">
      <Filter>Libraries Dependencies</Filter>
    </Library>
    <Library Include="..\..\..\..\bin\suitesparseconfig.lib">
      <Filter>Libraries Dependencies</Filter>
    </Library>
  </ItemGroup>
  <ItemGroup>
    <ClCompile Include="src\arkode\arkode_arkstep_nls.c">
      <Filter>Source Files</Filter>
    </ClCompile>
    <ClCompile Include="src\arkode\arkode_bandpre.c">
      <Filter>Source Files</Filter>
    </ClCompile>
    <ClCompile Include="src\arkode\arkode_bbdpre.c">
      <Filter>Source Files</Filter>
    </ClCompile>
    <ClCompile Include="src\arkode\arkode_butcher.c">
      <Filter>Source Files</Filter>
    </ClCompile>
    <ClCompile Include="src\arkode\arkode_butcher_dirk.c">
      <Filter>Source Files</Filter>
    </ClCompile>
    <ClCompile Include="src\arkode\arkode_butcher_erk.c">
      <Filter>Source Files</Filter>
    </ClCompile>
    <ClCompile Include="src\arkode\arkode_erkstep.c">
      <Filter>Source Files</Filter>
    </ClCompile>
    <ClCompile Include="src\arkode\arkode_erkstep_io.c">
      <Filter>Source Files</Filter>
    </ClCompile>
    <ClCompile Include="src\arkode\arkode_forcingstep.c">
      <Filter>Source Files</Filter>
    </ClCompile>
    <ClCompile Include="src\arkode\arkode_interp.c">
      <Filter>Source Files</Filter>
    </ClCompile>
    <ClCompile Include="src\arkode\arkode_io.c">
      <Filter>Source Files</Filter>
    </ClCompile>
    <ClCompile Include="src\arkode\arkode_ls.c">
      <Filter>Source Files</Filter>
    </ClCompile>
    <ClCompile Include="src\arkode\arkode_lsrkstep.c">
      <Filter>Source Files</Filter>
    </ClCompile>
    <ClCompile Include="src\arkode\arkode_lsrkstep_io.c">
      <Filter>Source Files</Filter>
    </ClCompile>
    <ClCompile Include="src\arkode\arkode_mri_tables.c">
      <Filter>Source Files</Filter>
    </ClCompile>
    <ClCompile Include="src\arkode\arkode_mristep.c">
      <Filter>Source Files</Filter>
    </ClCompile>
    <ClCompile Include="src\arkode\arkode_mristep_controller.c">
      <Filter>Source Files</Filter>
    </ClCompile>
    <ClCompile Include="src\arkode\arkode_mristep_io.c">
      <Filter>Source Files</Filter>
    </ClCompile>
    <ClCompile Include="src\arkode\arkode_mristep_nls.c">
      <Filter>Source Files</Filter>
    </ClCompile>
    <ClCompile Include="src\arkode\arkode_relaxation.c">
      <Filter>Source Files</Filter>
    </ClCompile>
    <ClCompile Include="src\arkode\arkode_root.c">
      <Filter>Source Files</Filter>
    </ClCompile>
    <ClCompile Include="src\arkode\arkode_splittingstep.c">
      <Filter>Source Files</Filter>
    </ClCompile>
    <ClCompile Include="src\arkode\arkode_splittingstep_coefficients.c">
      <Filter>Source Files</Filter>
    </ClCompile>
    <ClCompile Include="src\arkode\arkode_sprk.c">
      <Filter>Source Files</Filter>
    </ClCompile>
    <ClCompile Include="src\arkode\arkode_sprkstep.c">
      <Filter>Source Files</Filter>
    </ClCompile>
    <ClCompile Include="src\arkode\arkode_sprkstep_io.c">
      <Filter>Source Files</Filter>
    </ClCompile>
    <ClCompile Include="src\arkode\arkode_sunstepper.c">
      <Filter>Source Files</Filter>
    </ClCompile>
    <ClCompile Include="src\arkode\arkode_user_controller.c">
      <Filter>Source Files</Filter>
    </ClCompile>
    <ClCompile Include="src\arkode\arkode.c">
      <Filter>Source Files</Filter>
    </ClCompile>
    <ClCompile Include="src\arkode\arkode_adapt.c">
      <Filter>Source Files</Filter>
    </ClCompile>
    <ClCompile Include="src\arkode\arkode_arkstep.c">
      <Filter>Source Files</Filter>
    </ClCompile>
    <ClCompile Include="src\arkode\arkode_arkstep_io.c">
      <Filter>Source Files</Filter>
    </ClCompile>
    <ClCompile Include="src\cvodes\cvodes_nls_stg1.c">
      <Filter>Source Files</Filter>
    </ClCompile>
    <ClCompile Include="src\cvodes\cvodes_proj.c">
      <Filter>Source Files</Filter>
    </ClCompile>
    <ClCompile Include="src\cvodes\cvodes_resize.c">
      <Filter>Source Files</Filter>
    </ClCompile>
    <ClCompile Include="src\cvodes\cvodea.c">
      <Filter>Source Files</Filter>
    </ClCompile>
    <ClCompile Include="src\cvodes\cvodea_io.c">
      <Filter>Source Files</Filter>
    </ClCompile>
    <ClCompile Include="src\cvodes\cvodes.c">
      <Filter>Source Files</Filter>
    </ClCompile>
    <ClCompile Include="src\cvodes\cvodes_bandpre.c">
      <Filter>Source Files</Filter>
    </ClCompile>
    <ClCompile Include="src\cvodes\cvodes_bbdpre.c">
      <Filter>Source Files</Filter>
    </ClCompile>
    <ClCompile Include="src\cvodes\cvodes_diag.c">
      <Filter>Source Files</Filter>
    </ClCompile>
    <ClCompile Include="src\cvodes\cvodes_io.c">
      <Filter>Source Files</Filter>
    </ClCompile>
    <ClCompile Include="src\cvodes\cvodes_ls.c">
      <Filter>Source Files</Filter>
    </ClCompile>
    <ClCompile Include="src\cvodes\cvodes_nls.c">
      <Filter>Source Files</Filter>
    </ClCompile>
    <ClCompile Include="src\cvodes\cvodes_nls_sim.c">
      <Filter>Source Files</Filter>
    </ClCompile>
    <ClCompile Include="src\cvodes\cvodes_nls_stg.c">
      <Filter>Source Files</Filter>
    </ClCompile>
    <ClCompile Include="src\idas\idas_ic.c">
      <Filter>Source Files</Filter>
    </ClCompile>
    <ClCompile Include="src\idas\idas_io.c">
      <Filter>Source Files</Filter>
    </ClCompile>
    <ClCompile Include="src\idas\idas_ls.c">
      <Filter>Source Files</Filter>
    </ClCompile>
    <ClCompile Include="src\idas\idas_nls.c">
      <Filter>Source Files</Filter>
    </ClCompile>
    <ClCompile Include="src\idas\idas_nls_sim.c">
      <Filter>Source Files</Filter>
    </ClCompile>
    <ClCompile Include="src\idas\idas_nls_stg.c">
      <Filter>Source Files</Filter>
    </ClCompile>
    <ClCompile Include="src\idas\idaa.c">
      <Filter>Source Files</Filter>
    </ClCompile>
    <ClCompile Include="src\idas\idaa_io.c">
      <Filter>Source Files</Filter>
    </ClCompile>
    <ClCompile Include="src\idas\idas.c">
      <Filter>Source Files</Filter>
    </ClCompile>
    <ClCompile Include="src\idas\idas_bbdpre.c">
      <Filter>Source Files</Filter>
    </ClCompile>
    <ClCompile Include="src\kinsol\kinsol_io.c">
      <Filter>Source Files</Filter>
    </ClCompile>
    <ClCompile Include="src\kinsol\kinsol_ls.c">
      <Filter>Source Files</Filter>
    </ClCompile>
    <ClCompile Include="src\kinsol\kinsol.c">
      <Filter>Source Files</Filter>
    </ClCompile>
    <ClCompile Include="src\kinsol\kinsol_bbdpre.c">
      <Filter>Source Files</Filter>
    </ClCompile>
    <ClCompile Include="src\nvector\openmp\nvector_openmp.c">
      <Filter>Source Files</Filter>
    </ClCompile>
    <ClCompile Include="src\nvector\serial\nvector_serial.c">
      <Filter>Source Files</Filter>
    </ClCompile>
    <ClCompile Include="src\nvector\manyvector\nvector_manyvector.c">
      <Filter>Source Files</Filter>
    </ClCompile>
    <ClCompile Include="src\sundials\sundials_math.c">
      <Filter>Source Files</Filter>
    </ClCompile>
    <ClCompile Include="src\sundials\sundials_matrix.c">
      <Filter>Source Files</Filter>
    </ClCompile>
    <ClCompile Include="src\sundials\sundials_memory.c">
      <Filter>Source Files</Filter>
    </ClCompile>
    <ClCompile Include="src\sundials\sundials_nonlinearsolver.c">
      <Filter>Source Files</Filter>
    </ClCompile>
    <ClCompile Include="src\sundials\sundials_nvector.c">
      <Filter>Source Files</Filter>
    </ClCompile>
    <ClCompile Include="src\sundials\sundials_nvector_senswrapper.c">
      <Filter>Source Files</Filter>
    </ClCompile>
    <ClCompile Include="src\sundials\sundials_stepper.c">
      <Filter>Source Files</Filter>
    </ClCompile>
    <ClCompile Include="src\sundials\sundials_version.c">
      <Filter>Source Files</Filter>
    </ClCompile>
    <ClCompile Include="src\sundials\sundials_adaptcontroller.c">
      <Filter>Source Files</Filter>
    </ClCompile>
    <ClCompile Include="src\sunadaptcontroller\imexgus\sunadaptcontroller_imexgus.c">
      <Filter>Source Files</Filter>
    </ClCompile>
    <ClCompile Include="src/sunadaptcontroller\mrihtol\sunadaptcontroller_mrihtol.c">
      <Filter>Source Files</Filter>
    </ClCompile>
    <ClCompile Include="src/sunadaptcontroller\soderlind\sunadaptcontroller_soderlind.c ">
      <Filter>Source Files</Filter>
    </ClCompile>
    <ClCompile Include="src\sundials\sundials_adjointcheckpointscheme.c">
      <Filter>Source Files</Filter>
    </ClCompile>
    <ClCompile Include="src\sundials\sundials_adjointstepper.c">
      <Filter>Source Files</Filter>
    </ClCompile>
    <ClCompile Include="src\sundials\sundials_band.c">
      <Filter>Source Files</Filter>
    </ClCompile>
    <ClCompile Include="src\sundials\sundials_context.c">
      <Filter>Source Files</Filter>
    </ClCompile>
    <ClCompile Include="src\sundials\sundials_dense.c">
      <Filter>Source Files</Filter>
    </ClCompile>
    <ClCompile Include="src\sundials\sundials_direct.c">
      <Filter>Source Files</Filter>
    </ClCompile>
    <ClCompile Include="src\sundials\sundials_errors.c">
      <Filter>Source Files</Filter>
    </ClCompile>
    <ClCompile Include="src\sundials\sundials_extension.c">
      <Filter>Source Files</Filter>
    </ClCompile>
    <ClCompile Include="src\sundials\sundials_futils.c">
      <Filter>Source Files</Filter>
    </ClCompile>
    <ClCompile Include="src\sundials\sundials_hashmap.c">
      <Filter>Source Files</Filter>
    </ClCompile>
    <ClCompile Include="src\sundials\sundials_iterative.c">
      <Filter>Source Files</Filter>
    </ClCompile>
    <ClCompile Include="src\sundials\sundials_linearsolver.c">
      <Filter>Source Files</Filter>
    </ClCompile>
    <ClCompile Include="src\sundials\sundials_logger.c">
      <Filter>Source Files</Filter>
    </ClCompile>
    <ClCompile Include="src\sunlinsol\sptfqmr\sunlinsol_sptfqmr.c">
      <Filter>Source Files</Filter>
    </ClCompile>
    <ClCompile Include="src\sunlinsol\spgmr\sunlinsol_spgmr.c">
      <Filter>Source Files</Filter>
    </ClCompile>
    <ClCompile Include="src\sunlinsol\spfgmr\sunlinsol_spfgmr.c">
      <Filter>Source Files</Filter>
    </ClCompile>
    <ClCompile Include="src\sunlinsol\spbcgs\sunlinsol_spbcgs.c">
      <Filter>Source Files</Filter>
    </ClCompile>
    <ClCompile Include="src\sunlinsol\pcg\sunlinsol_pcg.c">
      <Filter>Source Files</Filter>
    </ClCompile>
    <ClCompile Include="src\sunlinsol\lapackdense\sunlinsol_lapackdense.c">
      <Filter>Source Files</Filter>
    </ClCompile>
    <ClCompile Include="src\sunlinsol\lapackband\sunlinsol_lapackband.c">
      <Filter>Source Files</Filter>
    </ClCompile>
    <ClCompile Include="src\sunlinsol\klu\sunlinsol_klu.c">
      <Filter>Source Files</Filter>
    </ClCompile>
    <ClCompile Include="src\sunlinsol\dense\sunlinsol_dense.c">
      <Filter>Source Files</Filter>
    </ClCompile>
    <ClCompile Include="src\sunlinsol\band\sunlinsol_band.c">
      <Filter>Source Files</Filter>
    </ClCompile>
    <ClCompile Include="src\sunmatrix\band\sunmatrix_band.c">
      <Filter>Source Files</Filter>
    </ClCompile>
    <ClCompile Include="src\sunmatrix\dense\sunmatrix_dense.c">
      <Filter>Source Files</Filter>
    </ClCompile>
    <ClCompile Include="src\sunmatrix\sparse\sunmatrix_sparse.c">
      <Filter>Source Files</Filter>
    </ClCompile>
    <ClCompile Include="src\sunmemory\system\sundials_system_memory.c">
      <Filter>Source Files</Filter>
    </ClCompile>
    <ClCompile Include="src\sunnonlinsol\fixedpoint\sunnonlinsol_fixedpoint.c">
      <Filter>Source Files</Filter>
    </ClCompile>
    <ClCompile Include="src\sunnonlinsol\newton\sunnonlinsol_newton.c">
      <Filter>Source Files</Filter>
    </ClCompile>
  </ItemGroup>
  <ItemGroup>
    <None Include="src\arkode\arkode_butcher_dirk.def">
      <Filter>Source Files</Filter>
    </None>
    <None Include="src\arkode\arkode_butcher_erk.def">
      <Filter>Source Files</Filter>
    </None>
    <None Include="src\arkode\arkode_mri_tables.def">
      <Filter>Source Files</Filter>
    </None>
    <None Include="src\arkode\arkode_splittingstep_coefficients.def">
      <Filter>Source Files</Filter>
    </None>
  </ItemGroup>
</Project>
