
Microsoft Visual Studio Solution File, Format Version 12.00
# Visual Studio Version 17
VisualStudioVersion = 17.14.36401.2
MinimumVisualStudioVersion = 10.0.40219.1
Project("{6989167D-11E4-40FE-8C1A-2192A86A7E90}") = "elementary_functions_f", "modules\elementary_functions\src\fortran\elementary_functions_f.vfproj", "{DBC45B0D-6E0A-4107-B284-5A3B0C5BB50D}"
	ProjectSection(ProjectDependencies) = postProject
		{0BB16C71-0FCD-4FB9-B7C0-F2601330C980} = {0BB16C71-0FCD-4FB9-B7C0-F2601330C980}
		{3170E4C2-1173-4264-A222-7EE8CCB3DDF7} = {3170E4C2-1173-4264-A222-7EE8CCB3DDF7}
		{96248E56-C84A-4803-9F50-25E2089AB6B8} = {96248E56-C84A-4803-9F50-25E2089AB6B8}
		{EAF0949C-28D2-497C-954F-FC13B32FF2F3} = {EAF0949C-28D2-497C-954F-FC13B32FF2F3}
		{F0F55692-0355-4BC3-BE9D-552C8AAC5238} = {F0F55692-0355-4BC3-BE9D-552C8AAC5238}
	EndProjectSection
EndProject
Project("{6989167D-11E4-40FE-8C1A-2192A86A7E90}") = "eispack_f", "modules\elementary_functions\src\fortran\eispack\eispack_f.vfproj", "{96248E56-C84A-4803-9F50-25E2089AB6B8}"
	ProjectSection(ProjectDependencies) = postProject
		{3170E4C2-1173-4264-A222-7EE8CCB3DDF7} = {3170E4C2-1173-4264-A222-7EE8CCB3DDF7}
	EndProjectSection
EndProject
Project("{6989167D-11E4-40FE-8C1A-2192A86A7E90}") = "linpack_f", "modules\elementary_functions\src\fortran\linpack\linpack_f.vfproj", "{F0F55692-0355-4BC3-BE9D-552C8AAC5238}"
	ProjectSection(ProjectDependencies) = postProject
		{3170E4C2-1173-4264-A222-7EE8CCB3DDF7} = {3170E4C2-1173-4264-A222-7EE8CCB3DDF7}
	EndProjectSection
EndProject
Project("{6989167D-11E4-40FE-8C1A-2192A86A7E90}") = "core_f", "modules\core\src\fortran\core_f.vfproj", "{C352587B-F5E4-457C-80EE-A1AEAB176C8E}"
	ProjectSection(ProjectDependencies) = postProject
		{3170E4C2-1173-4264-A222-7EE8CCB3DDF7} = {3170E4C2-1173-4264-A222-7EE8CCB3DDF7}
	EndProjectSection
EndProject
Project("{6989167D-11E4-40FE-8C1A-2192A86A7E90}") = "slatec_f", "modules\elementary_functions\src\fortran\slatec\slatec_f.vfproj", "{EAF0949C-28D2-497C-954F-FC13B32FF2F3}"
	ProjectSection(ProjectDependencies) = postProject
		{3170E4C2-1173-4264-A222-7EE8CCB3DDF7} = {3170E4C2-1173-4264-A222-7EE8CCB3DDF7}
	EndProjectSection
EndProject
Project("{6989167D-11E4-40FE-8C1A-2192A86A7E90}") = "cacsd_f", "modules\cacsd\src\fortran\cacsd_f.vfproj", "{0BB16C71-0FCD-4FB9-B7C0-F2601330C980}"
	ProjectSection(ProjectDependencies) = postProject
		{3170E4C2-1173-4264-A222-7EE8CCB3DDF7} = {3170E4C2-1173-4264-A222-7EE8CCB3DDF7}
	EndProjectSection
EndProject
Project("{6989167D-11E4-40FE-8C1A-2192A86A7E90}") = "slicot_f", "modules\cacsd\src\slicot\slicot_f\slicot_f.vfproj", "{C4C3EA58-1C27-4EFB-A5BF-0DB24EC5F87A}"
	ProjectSection(ProjectDependencies) = postProject
		{3170E4C2-1173-4264-A222-7EE8CCB3DDF7} = {3170E4C2-1173-4264-A222-7EE8CCB3DDF7}
	EndProjectSection
EndProject
Project("{6989167D-11E4-40FE-8C1A-2192A86A7E90}") = "dcd_f", "modules\statistics\src\dcdflib\dcd_f\dcd_f.vfproj", "{18F043DA-1DB5-464F-B67D-CF1C23BE7EA0}"
	ProjectSection(ProjectDependencies) = postProject
		{3170E4C2-1173-4264-A222-7EE8CCB3DDF7} = {3170E4C2-1173-4264-A222-7EE8CCB3DDF7}
	EndProjectSection
EndProject
Project("{6989167D-11E4-40FE-8C1A-2192A86A7E90}") = "interpolation_f", "modules\interpolation\src\fortran\interpolation_f.vfproj", "{D98B0986-14E4-44FD-B006-CACE4B291F38}"
	ProjectSection(ProjectDependencies) = postProject
		{3170E4C2-1173-4264-A222-7EE8CCB3DDF7} = {3170E4C2-1173-4264-A222-7EE8CCB3DDF7}
	EndProjectSection
EndProject
Project("{6989167D-11E4-40FE-8C1A-2192A86A7E90}") = "differential_equations_f", "modules\differential_equations\src\fortran\differential_equations_f.vfproj", "{28E4E9CA-3EEC-43EE-9F15-56259C6677B8}"
	ProjectSection(ProjectDependencies) = postProject
		{3170E4C2-1173-4264-A222-7EE8CCB3DDF7} = {3170E4C2-1173-4264-A222-7EE8CCB3DDF7}
	EndProjectSection
EndProject
Project("{6989167D-11E4-40FE-8C1A-2192A86A7E90}") = "linear_algebra_f", "modules\linear_algebra\src\fortran\linear_algebra_f.vfproj", "{3735EFF9-925B-45B1-82CF-762658E69E70}"
	ProjectSection(ProjectDependencies) = postProject
		{3170E4C2-1173-4264-A222-7EE8CCB3DDF7} = {3170E4C2-1173-4264-A222-7EE8CCB3DDF7}
	EndProjectSection
EndProject
Project("{6989167D-11E4-40FE-8C1A-2192A86A7E90}") = "optimization_f", "modules\optimization\src\fortran\optimization_f.vfproj", "{1D219098-007C-4F76-9AE6-271ABBB7D393}"
	ProjectSection(ProjectDependencies) = postProject
		{3170E4C2-1173-4264-A222-7EE8CCB3DDF7} = {3170E4C2-1173-4264-A222-7EE8CCB3DDF7}
	EndProjectSection
EndProject
Project("{6989167D-11E4-40FE-8C1A-2192A86A7E90}") = "output_stream_f", "modules\output_stream\src\fortran\output_stream_f.vfproj", "{E60B43CC-73EA-457E-8DEE-31D0B2BDFA4B}"
	ProjectSection(ProjectDependencies) = postProject
		{3170E4C2-1173-4264-A222-7EE8CCB3DDF7} = {3170E4C2-1173-4264-A222-7EE8CCB3DDF7}
		{3A72C3ED-98F7-49C7-B59C-2C6C47FF9390} = {3A72C3ED-98F7-49C7-B59C-2C6C47FF9390}
	EndProjectSection
EndProject
Project("{6989167D-11E4-40FE-8C1A-2192A86A7E90}") = "polynomials_f", "modules\polynomials\src\fortran\polynomials_f.vfproj", "{3A72C3ED-98F7-49C7-B59C-2C6C47FF9390}"
	ProjectSection(ProjectDependencies) = postProject
		{3170E4C2-1173-4264-A222-7EE8CCB3DDF7} = {3170E4C2-1173-4264-A222-7EE8CCB3DDF7}
	EndProjectSection
EndProject
Project("{6989167D-11E4-40FE-8C1A-2192A86A7E90}") = "randlib_f", "modules\randlib\src\fortran\randlib_f.vfproj", "{BB8D4E6F-F09E-49FC-8BCB-9F496F639F60}"
	ProjectSection(ProjectDependencies) = postProject
		{3170E4C2-1173-4264-A222-7EE8CCB3DDF7} = {3170E4C2-1173-4264-A222-7EE8CCB3DDF7}
	EndProjectSection
EndProject
Project("{6989167D-11E4-40FE-8C1A-2192A86A7E90}") = "scicos_f", "modules\scicos\src\fortran\scicos_f.vfproj", "{566E524B-D327-4416-A865-9C83503FAB7B}"
	ProjectSection(ProjectDependencies) = postProject
		{3170E4C2-1173-4264-A222-7EE8CCB3DDF7} = {3170E4C2-1173-4264-A222-7EE8CCB3DDF7}
	EndProjectSection
EndProject
Project("{6989167D-11E4-40FE-8C1A-2192A86A7E90}") = "scicos_blocks_f", "modules\scicos_blocks\src\fortran\scicos_blocks_f.vfproj", "{2F7B6080-8D84-43A7-A967-13FC8AA83DEB}"
	ProjectSection(ProjectDependencies) = postProject
		{3170E4C2-1173-4264-A222-7EE8CCB3DDF7} = {3170E4C2-1173-4264-A222-7EE8CCB3DDF7}
		{3A72C3ED-98F7-49C7-B59C-2C6C47FF9390} = {3A72C3ED-98F7-49C7-B59C-2C6C47FF9390}
		{DBC45B0D-6E0A-4107-B284-5A3B0C5BB50D} = {DBC45B0D-6E0A-4107-B284-5A3B0C5BB50D}
	EndProjectSection
EndProject
Project("{6989167D-11E4-40FE-8C1A-2192A86A7E90}") = "scicos_blocks-cli_f", "modules\scicos_blocks\src\fortran\cli\scicos_blocks-cli_f.vfproj", "{3E0FF981-B5FB-4FC2-B6D8-8C1091FBB23A}"
	ProjectSection(ProjectDependencies) = postProject
		{3170E4C2-1173-4264-A222-7EE8CCB3DDF7} = {3170E4C2-1173-4264-A222-7EE8CCB3DDF7}
	EndProjectSection
EndProject
Project("{6989167D-11E4-40FE-8C1A-2192A86A7E90}") = "signal_processing_f", "modules\signal_processing\src\fortran\signal_processing_f.vfproj", "{959384FC-016C-4B01-B848-1B18D26B6CC4}"
	ProjectSection(ProjectDependencies) = postProject
		{3170E4C2-1173-4264-A222-7EE8CCB3DDF7} = {3170E4C2-1173-4264-A222-7EE8CCB3DDF7}
	EndProjectSection
EndProject
Project("{6989167D-11E4-40FE-8C1A-2192A86A7E90}") = "sparse_f", "modules\sparse\src\fortran\sparse_f.vfproj", "{13082624-97F9-47DB-A9A1-AD7D6BF3856A}"
	ProjectSection(ProjectDependencies) = postProject
		{3170E4C2-1173-4264-A222-7EE8CCB3DDF7} = {3170E4C2-1173-4264-A222-7EE8CCB3DDF7}
	EndProjectSection
EndProject
Project("{6989167D-11E4-40FE-8C1A-2192A86A7E90}") = "special_functions_f", "modules\special_functions\src\fortran\special_functions_f.vfproj", "{E3A01BE7-815F-4A06-9F0A-C95E80873966}"
	ProjectSection(ProjectDependencies) = postProject
		{3170E4C2-1173-4264-A222-7EE8CCB3DDF7} = {3170E4C2-1173-4264-A222-7EE8CCB3DDF7}
	EndProjectSection
EndProject
Project("{8BC9CEB8-8B4A-11D0-8D11-00A0C91BC942}") = "Dumpexts", "tools\Dumpexts\Dumpexts.vcxproj", "{3170E4C2-1173-4264-A222-7EE8CCB3DDF7}"
EndProject
Global
	GlobalSection(SolutionConfigurationPlatforms) = preSolution
		Debug|x64 = Debug|x64
		Debug|x86 = Debug|x86
		Release|x64 = Release|x64
		Release|x86 = Release|x86
	EndGlobalSection
	GlobalSection(ProjectConfigurationPlatforms) = postSolution
		{DBC45B0D-6E0A-4107-B284-5A3B0C5BB50D}.Debug|x64.ActiveCfg = Debug|x64
		{DBC45B0D-6E0A-4107-B284-5A3B0C5BB50D}.Debug|x64.Build.0 = Debug|x64
		{DBC45B0D-6E0A-4107-B284-5A3B0C5BB50D}.Debug|x86.ActiveCfg = Debug|Win32
		{DBC45B0D-6E0A-4107-B284-5A3B0C5BB50D}.Debug|x86.Build.0 = Debug|Win32
		{DBC45B0D-6E0A-4107-B284-5A3B0C5BB50D}.Release|x64.ActiveCfg = Release|x64
		{DBC45B0D-6E0A-4107-B284-5A3B0C5BB50D}.Release|x64.Build.0 = Release|x64
		{DBC45B0D-6E0A-4107-B284-5A3B0C5BB50D}.Release|x86.ActiveCfg = Release|Win32
		{DBC45B0D-6E0A-4107-B284-5A3B0C5BB50D}.Release|x86.Build.0 = Release|Win32
		{96248E56-C84A-4803-9F50-25E2089AB6B8}.Debug|x64.ActiveCfg = Debug|x64
		{96248E56-C84A-4803-9F50-25E2089AB6B8}.Debug|x64.Build.0 = Debug|x64
		{96248E56-C84A-4803-9F50-25E2089AB6B8}.Debug|x86.ActiveCfg = Debug|Win32
		{96248E56-C84A-4803-9F50-25E2089AB6B8}.Debug|x86.Build.0 = Debug|Win32
		{96248E56-C84A-4803-9F50-25E2089AB6B8}.Release|x64.ActiveCfg = Release|x64
		{96248E56-C84A-4803-9F50-25E2089AB6B8}.Release|x64.Build.0 = Release|x64
		{96248E56-C84A-4803-9F50-25E2089AB6B8}.Release|x86.ActiveCfg = Release|Win32
		{96248E56-C84A-4803-9F50-25E2089AB6B8}.Release|x86.Build.0 = Release|Win32
		{F0F55692-0355-4BC3-BE9D-552C8AAC5238}.Debug|x64.ActiveCfg = Debug|x64
		{F0F55692-0355-4BC3-BE9D-552C8AAC5238}.Debug|x64.Build.0 = Debug|x64
		{F0F55692-0355-4BC3-BE9D-552C8AAC5238}.Debug|x86.ActiveCfg = Debug|Win32
		{F0F55692-0355-4BC3-BE9D-552C8AAC5238}.Debug|x86.Build.0 = Debug|Win32
		{F0F55692-0355-4BC3-BE9D-552C8AAC5238}.Release|x64.ActiveCfg = Release|x64
		{F0F55692-0355-4BC3-BE9D-552C8AAC5238}.Release|x64.Build.0 = Release|x64
		{F0F55692-0355-4BC3-BE9D-552C8AAC5238}.Release|x86.ActiveCfg = Release|Win32
		{F0F55692-0355-4BC3-BE9D-552C8AAC5238}.Release|x86.Build.0 = Release|Win32
		{C352587B-F5E4-457C-80EE-A1AEAB176C8E}.Debug|x64.ActiveCfg = Debug|x64
		{C352587B-F5E4-457C-80EE-A1AEAB176C8E}.Debug|x64.Build.0 = Debug|x64
		{C352587B-F5E4-457C-80EE-A1AEAB176C8E}.Debug|x86.ActiveCfg = Debug|Win32
		{C352587B-F5E4-457C-80EE-A1AEAB176C8E}.Debug|x86.Build.0 = Debug|Win32
		{C352587B-F5E4-457C-80EE-A1AEAB176C8E}.Release|x64.ActiveCfg = Release|x64
		{C352587B-F5E4-457C-80EE-A1AEAB176C8E}.Release|x64.Build.0 = Release|x64
		{C352587B-F5E4-457C-80EE-A1AEAB176C8E}.Release|x86.ActiveCfg = Release|Win32
		{C352587B-F5E4-457C-80EE-A1AEAB176C8E}.Release|x86.Build.0 = Release|Win32
		{EAF0949C-28D2-497C-954F-FC13B32FF2F3}.Debug|x64.ActiveCfg = Debug|x64
		{EAF0949C-28D2-497C-954F-FC13B32FF2F3}.Debug|x64.Build.0 = Debug|x64
		{EAF0949C-28D2-497C-954F-FC13B32FF2F3}.Debug|x86.ActiveCfg = Debug|Win32
		{EAF0949C-28D2-497C-954F-FC13B32FF2F3}.Debug|x86.Build.0 = Debug|Win32
		{EAF0949C-28D2-497C-954F-FC13B32FF2F3}.Release|x64.ActiveCfg = Release|x64
		{EAF0949C-28D2-497C-954F-FC13B32FF2F3}.Release|x64.Build.0 = Release|x64
		{EAF0949C-28D2-497C-954F-FC13B32FF2F3}.Release|x86.ActiveCfg = Release|Win32
		{EAF0949C-28D2-497C-954F-FC13B32FF2F3}.Release|x86.Build.0 = Release|Win32
		{0BB16C71-0FCD-4FB9-B7C0-F2601330C980}.Debug|x64.ActiveCfg = Debug|x64
		{0BB16C71-0FCD-4FB9-B7C0-F2601330C980}.Debug|x64.Build.0 = Debug|x64
		{0BB16C71-0FCD-4FB9-B7C0-F2601330C980}.Debug|x86.ActiveCfg = Debug|Win32
		{0BB16C71-0FCD-4FB9-B7C0-F2601330C980}.Debug|x86.Build.0 = Debug|Win32
		{0BB16C71-0FCD-4FB9-B7C0-F2601330C980}.Release|x64.ActiveCfg = Release|x64
		{0BB16C71-0FCD-4FB9-B7C0-F2601330C980}.Release|x64.Build.0 = Release|x64
		{0BB16C71-0FCD-4FB9-B7C0-F2601330C980}.Release|x86.ActiveCfg = Release|Win32
		{0BB16C71-0FCD-4FB9-B7C0-F2601330C980}.Release|x86.Build.0 = Release|Win32
		{C4C3EA58-1C27-4EFB-A5BF-0DB24EC5F87A}.Debug|x64.ActiveCfg = Debug|x64
		{C4C3EA58-1C27-4EFB-A5BF-0DB24EC5F87A}.Debug|x64.Build.0 = Debug|x64
		{C4C3EA58-1C27-4EFB-A5BF-0DB24EC5F87A}.Debug|x86.ActiveCfg = Debug|Win32
		{C4C3EA58-1C27-4EFB-A5BF-0DB24EC5F87A}.Debug|x86.Build.0 = Debug|Win32
		{C4C3EA58-1C27-4EFB-A5BF-0DB24EC5F87A}.Release|x64.ActiveCfg = Release|x64
		{C4C3EA58-1C27-4EFB-A5BF-0DB24EC5F87A}.Release|x64.Build.0 = Release|x64
		{C4C3EA58-1C27-4EFB-A5BF-0DB24EC5F87A}.Release|x86.ActiveCfg = Release|Win32
		{C4C3EA58-1C27-4EFB-A5BF-0DB24EC5F87A}.Release|x86.Build.0 = Release|Win32
		{18F043DA-1DB5-464F-B67D-CF1C23BE7EA0}.Debug|x64.ActiveCfg = Debug|x64
		{18F043DA-1DB5-464F-B67D-CF1C23BE7EA0}.Debug|x64.Build.0 = Debug|x64
		{18F043DA-1DB5-464F-B67D-CF1C23BE7EA0}.Debug|x86.ActiveCfg = Debug|Win32
		{18F043DA-1DB5-464F-B67D-CF1C23BE7EA0}.Debug|x86.Build.0 = Debug|Win32
		{18F043DA-1DB5-464F-B67D-CF1C23BE7EA0}.Release|x64.ActiveCfg = Release|x64
		{18F043DA-1DB5-464F-B67D-CF1C23BE7EA0}.Release|x64.Build.0 = Release|x64
		{18F043DA-1DB5-464F-B67D-CF1C23BE7EA0}.Release|x86.ActiveCfg = Release|Win32
		{18F043DA-1DB5-464F-B67D-CF1C23BE7EA0}.Release|x86.Build.0 = Release|Win32
		{D98B0986-14E4-44FD-B006-CACE4B291F38}.Debug|x64.ActiveCfg = Debug|x64
		{D98B0986-14E4-44FD-B006-CACE4B291F38}.Debug|x64.Build.0 = Debug|x64
		{D98B0986-14E4-44FD-B006-CACE4B291F38}.Debug|x86.ActiveCfg = Debug|Win32
		{D98B0986-14E4-44FD-B006-CACE4B291F38}.Debug|x86.Build.0 = Debug|Win32
		{D98B0986-14E4-44FD-B006-CACE4B291F38}.Release|x64.ActiveCfg = Release|x64
		{D98B0986-14E4-44FD-B006-CACE4B291F38}.Release|x64.Build.0 = Release|x64
		{D98B0986-14E4-44FD-B006-CACE4B291F38}.Release|x86.ActiveCfg = Release|Win32
		{D98B0986-14E4-44FD-B006-CACE4B291F38}.Release|x86.Build.0 = Release|Win32
		{28E4E9CA-3EEC-43EE-9F15-56259C6677B8}.Debug|x64.ActiveCfg = Debug|x64
		{28E4E9CA-3EEC-43EE-9F15-56259C6677B8}.Debug|x64.Build.0 = Debug|x64
		{28E4E9CA-3EEC-43EE-9F15-56259C6677B8}.Debug|x86.ActiveCfg = Debug|Win32
		{28E4E9CA-3EEC-43EE-9F15-56259C6677B8}.Debug|x86.Build.0 = Debug|Win32
		{28E4E9CA-3EEC-43EE-9F15-56259C6677B8}.Release|x64.ActiveCfg = Release|x64
		{28E4E9CA-3EEC-43EE-9F15-56259C6677B8}.Release|x64.Build.0 = Release|x64
		{28E4E9CA-3EEC-43EE-9F15-56259C6677B8}.Release|x86.ActiveCfg = Release|Win32
		{28E4E9CA-3EEC-43EE-9F15-56259C6677B8}.Release|x86.Build.0 = Release|Win32
		{3735EFF9-925B-45B1-82CF-762658E69E70}.Debug|x64.ActiveCfg = Debug|x64
		{3735EFF9-925B-45B1-82CF-762658E69E70}.Debug|x64.Build.0 = Debug|x64
		{3735EFF9-925B-45B1-82CF-762658E69E70}.Debug|x86.ActiveCfg = Debug|Win32
		{3735EFF9-925B-45B1-82CF-762658E69E70}.Debug|x86.Build.0 = Debug|Win32
		{3735EFF9-925B-45B1-82CF-762658E69E70}.Release|x64.ActiveCfg = Release|x64
		{3735EFF9-925B-45B1-82CF-762658E69E70}.Release|x64.Build.0 = Release|x64
		{3735EFF9-925B-45B1-82CF-762658E69E70}.Release|x86.ActiveCfg = Release|Win32
		{3735EFF9-925B-45B1-82CF-762658E69E70}.Release|x86.Build.0 = Release|Win32
		{1D219098-007C-4F76-9AE6-271ABBB7D393}.Debug|x64.ActiveCfg = Debug|x64
		{1D219098-007C-4F76-9AE6-271ABBB7D393}.Debug|x64.Build.0 = Debug|x64
		{1D219098-007C-4F76-9AE6-271ABBB7D393}.Debug|x86.ActiveCfg = Debug|Win32
		{1D219098-007C-4F76-9AE6-271ABBB7D393}.Debug|x86.Build.0 = Debug|Win32
		{1D219098-007C-4F76-9AE6-271ABBB7D393}.Release|x64.ActiveCfg = Release|x64
		{1D219098-007C-4F76-9AE6-271ABBB7D393}.Release|x64.Build.0 = Release|x64
		{1D219098-007C-4F76-9AE6-271ABBB7D393}.Release|x86.ActiveCfg = Release|Win32
		{1D219098-007C-4F76-9AE6-271ABBB7D393}.Release|x86.Build.0 = Release|Win32
		{E60B43CC-73EA-457E-8DEE-31D0B2BDFA4B}.Debug|x64.ActiveCfg = Debug|x64
		{E60B43CC-73EA-457E-8DEE-31D0B2BDFA4B}.Debug|x64.Build.0 = Debug|x64
		{E60B43CC-73EA-457E-8DEE-31D0B2BDFA4B}.Debug|x86.ActiveCfg = Debug|Win32
		{E60B43CC-73EA-457E-8DEE-31D0B2BDFA4B}.Debug|x86.Build.0 = Debug|Win32
		{E60B43CC-73EA-457E-8DEE-31D0B2BDFA4B}.Release|x64.ActiveCfg = Release|x64
		{E60B43CC-73EA-457E-8DEE-31D0B2BDFA4B}.Release|x64.Build.0 = Release|x64
		{E60B43CC-73EA-457E-8DEE-31D0B2BDFA4B}.Release|x86.ActiveCfg = Release|Win32
		{E60B43CC-73EA-457E-8DEE-31D0B2BDFA4B}.Release|x86.Build.0 = Release|Win32
		{3A72C3ED-98F7-49C7-B59C-2C6C47FF9390}.Debug|x64.ActiveCfg = Debug|x64
		{3A72C3ED-98F7-49C7-B59C-2C6C47FF9390}.Debug|x64.Build.0 = Debug|x64
		{3A72C3ED-98F7-49C7-B59C-2C6C47FF9390}.Debug|x86.ActiveCfg = Debug|Win32
		{3A72C3ED-98F7-49C7-B59C-2C6C47FF9390}.Debug|x86.Build.0 = Debug|Win32
		{3A72C3ED-98F7-49C7-B59C-2C6C47FF9390}.Release|x64.ActiveCfg = Release|x64
		{3A72C3ED-98F7-49C7-B59C-2C6C47FF9390}.Release|x64.Build.0 = Release|x64
		{3A72C3ED-98F7-49C7-B59C-2C6C47FF9390}.Release|x86.ActiveCfg = Release|Win32
		{3A72C3ED-98F7-49C7-B59C-2C6C47FF9390}.Release|x86.Build.0 = Release|Win32
		{BB8D4E6F-F09E-49FC-8BCB-9F496F639F60}.Debug|x64.ActiveCfg = Debug|x64
		{BB8D4E6F-F09E-49FC-8BCB-9F496F639F60}.Debug|x64.Build.0 = Debug|x64
		{BB8D4E6F-F09E-49FC-8BCB-9F496F639F60}.Debug|x86.ActiveCfg = Debug|Win32
		{BB8D4E6F-F09E-49FC-8BCB-9F496F639F60}.Debug|x86.Build.0 = Debug|Win32
		{BB8D4E6F-F09E-49FC-8BCB-9F496F639F60}.Release|x64.ActiveCfg = Release|x64
		{BB8D4E6F-F09E-49FC-8BCB-9F496F639F60}.Release|x64.Build.0 = Release|x64
		{BB8D4E6F-F09E-49FC-8BCB-9F496F639F60}.Release|x86.ActiveCfg = Release|Win32
		{BB8D4E6F-F09E-49FC-8BCB-9F496F639F60}.Release|x86.Build.0 = Release|Win32
		{566E524B-D327-4416-A865-9C83503FAB7B}.Debug|x64.ActiveCfg = Debug|x64
		{566E524B-D327-4416-A865-9C83503FAB7B}.Debug|x64.Build.0 = Debug|x64
		{566E524B-D327-4416-A865-9C83503FAB7B}.Debug|x86.ActiveCfg = Debug|Win32
		{566E524B-D327-4416-A865-9C83503FAB7B}.Debug|x86.Build.0 = Debug|Win32
		{566E524B-D327-4416-A865-9C83503FAB7B}.Release|x64.ActiveCfg = Release|x64
		{566E524B-D327-4416-A865-9C83503FAB7B}.Release|x64.Build.0 = Release|x64
		{566E524B-D327-4416-A865-9C83503FAB7B}.Release|x86.ActiveCfg = Release|Win32
		{566E524B-D327-4416-A865-9C83503FAB7B}.Release|x86.Build.0 = Release|Win32
		{2F7B6080-8D84-43A7-A967-13FC8AA83DEB}.Debug|x64.ActiveCfg = Debug|x64
		{2F7B6080-8D84-43A7-A967-13FC8AA83DEB}.Debug|x64.Build.0 = Debug|x64
		{2F7B6080-8D84-43A7-A967-13FC8AA83DEB}.Debug|x86.ActiveCfg = Debug|Win32
		{2F7B6080-8D84-43A7-A967-13FC8AA83DEB}.Debug|x86.Build.0 = Debug|Win32
		{2F7B6080-8D84-43A7-A967-13FC8AA83DEB}.Release|x64.ActiveCfg = Release|x64
		{2F7B6080-8D84-43A7-A967-13FC8AA83DEB}.Release|x64.Build.0 = Release|x64
		{2F7B6080-8D84-43A7-A967-13FC8AA83DEB}.Release|x86.ActiveCfg = Release|Win32
		{2F7B6080-8D84-43A7-A967-13FC8AA83DEB}.Release|x86.Build.0 = Release|Win32
		{3E0FF981-B5FB-4FC2-B6D8-8C1091FBB23A}.Debug|x64.ActiveCfg = Debug|x64
		{3E0FF981-B5FB-4FC2-B6D8-8C1091FBB23A}.Debug|x64.Build.0 = Debug|x64
		{3E0FF981-B5FB-4FC2-B6D8-8C1091FBB23A}.Debug|x86.ActiveCfg = Debug|Win32
		{3E0FF981-B5FB-4FC2-B6D8-8C1091FBB23A}.Debug|x86.Build.0 = Debug|Win32
		{3E0FF981-B5FB-4FC2-B6D8-8C1091FBB23A}.Release|x64.ActiveCfg = Release|x64
		{3E0FF981-B5FB-4FC2-B6D8-8C1091FBB23A}.Release|x64.Build.0 = Release|x64
		{3E0FF981-B5FB-4FC2-B6D8-8C1091FBB23A}.Release|x86.ActiveCfg = Release|Win32
		{3E0FF981-B5FB-4FC2-B6D8-8C1091FBB23A}.Release|x86.Build.0 = Release|Win32
		{959384FC-016C-4B01-B848-1B18D26B6CC4}.Debug|x64.ActiveCfg = Debug|x64
		{959384FC-016C-4B01-B848-1B18D26B6CC4}.Debug|x64.Build.0 = Debug|x64
		{959384FC-016C-4B01-B848-1B18D26B6CC4}.Debug|x86.ActiveCfg = Debug|Win32
		{959384FC-016C-4B01-B848-1B18D26B6CC4}.Debug|x86.Build.0 = Debug|Win32
		{959384FC-016C-4B01-B848-1B18D26B6CC4}.Release|x64.ActiveCfg = Release|x64
		{959384FC-016C-4B01-B848-1B18D26B6CC4}.Release|x64.Build.0 = Release|x64
		{959384FC-016C-4B01-B848-1B18D26B6CC4}.Release|x86.ActiveCfg = Release|Win32
		{959384FC-016C-4B01-B848-1B18D26B6CC4}.Release|x86.Build.0 = Release|Win32
		{13082624-97F9-47DB-A9A1-AD7D6BF3856A}.Debug|x64.ActiveCfg = Debug|x64
		{13082624-97F9-47DB-A9A1-AD7D6BF3856A}.Debug|x64.Build.0 = Debug|x64
		{13082624-97F9-47DB-A9A1-AD7D6BF3856A}.Debug|x86.ActiveCfg = Debug|Win32
		{13082624-97F9-47DB-A9A1-AD7D6BF3856A}.Debug|x86.Build.0 = Debug|Win32
		{13082624-97F9-47DB-A9A1-AD7D6BF3856A}.Release|x64.ActiveCfg = Release|x64
		{13082624-97F9-47DB-A9A1-AD7D6BF3856A}.Release|x64.Build.0 = Release|x64
		{13082624-97F9-47DB-A9A1-AD7D6BF3856A}.Release|x86.ActiveCfg = Release|Win32
		{13082624-97F9-47DB-A9A1-AD7D6BF3856A}.Release|x86.Build.0 = Release|Win32
		{E3A01BE7-815F-4A06-9F0A-C95E80873966}.Debug|x64.ActiveCfg = Debug|x64
		{E3A01BE7-815F-4A06-9F0A-C95E80873966}.Debug|x64.Build.0 = Debug|x64
		{E3A01BE7-815F-4A06-9F0A-C95E80873966}.Debug|x86.ActiveCfg = Debug|Win32
		{E3A01BE7-815F-4A06-9F0A-C95E80873966}.Debug|x86.Build.0 = Debug|Win32
		{E3A01BE7-815F-4A06-9F0A-C95E80873966}.Release|x64.ActiveCfg = Release|x64
		{E3A01BE7-815F-4A06-9F0A-C95E80873966}.Release|x64.Build.0 = Release|x64
		{E3A01BE7-815F-4A06-9F0A-C95E80873966}.Release|x86.ActiveCfg = Release|Win32
		{E3A01BE7-815F-4A06-9F0A-C95E80873966}.Release|x86.Build.0 = Release|Win32
		{3170E4C2-1173-4264-A222-7EE8CCB3DDF7}.Debug|x64.ActiveCfg = Debug|x64
		{3170E4C2-1173-4264-A222-7EE8CCB3DDF7}.Debug|x64.Build.0 = Debug|x64
		{3170E4C2-1173-4264-A222-7EE8CCB3DDF7}.Debug|x86.ActiveCfg = Debug|Win32
		{3170E4C2-1173-4264-A222-7EE8CCB3DDF7}.Debug|x86.Build.0 = Debug|Win32
		{3170E4C2-1173-4264-A222-7EE8CCB3DDF7}.Release|x64.ActiveCfg = Release|x64
		{3170E4C2-1173-4264-A222-7EE8CCB3DDF7}.Release|x64.Build.0 = Release|x64
		{3170E4C2-1173-4264-A222-7EE8CCB3DDF7}.Release|x86.ActiveCfg = Release|Win32
		{3170E4C2-1173-4264-A222-7EE8CCB3DDF7}.Release|x86.Build.0 = Release|Win32
	EndGlobalSection
	GlobalSection(SolutionProperties) = preSolution
		HideSolutionNode = FALSE
	EndGlobalSection
	GlobalSection(ExtensibilityGlobals) = postSolution
		SolutionGuid = {CACC32AB-3753-409E-889B-5CB99FDF1DFE}
	EndGlobalSection
EndGlobal
